{
  "version": 4,
  "terraform_version": "1.0.6",
  "serial": 433,
  "lineage": "f22cd920-e2f8-2269-c6fb-354145b9d681",
  "outputs": {},
  "resources": [
    {
      "mode": "managed",
      "type": "aws_autoscaling_attachment",
      "name": "aautoscaling_grp_attach",
      "provider": "provider[\"registry.terraform.io/hashicorp/aws\"]",
      "instances": [
        {
          "schema_version": 0,
          "attributes": {
            "alb_target_group_arn": null,
            "autoscaling_group_name": "terraform-20210926083402377600000005",
            "elb": "Prod-elb",
            "id": "terraform-20210926083402377600000005-20210926083518558000000006"
          },
          "sensitive_attributes": [],
          "private": "bnVsbA==",
          "dependencies": [
            "aws_vpc.main_vpc",
            "aws_autoscaling_group.autoscaling_grp",
            "aws_db_instance.default",
            "aws_db_subnet_group.prod_db",
            "aws_elb.prod_lb",
            "aws_launch_template.prod_launch_temp",
            "aws_subnet.subnet_a",
            "aws_subnet.subnet_b",
            "random_password.password",
            "aws_iam_instance_profile.get_secret_role_profile",
            "aws_iam_role.get_secret_role",
            "aws_internet_gateway.prod_ig",
            "aws_security_group.allow_http"
          ]
        }
      ]
    },
    {
      "mode": "managed",
      "type": "aws_autoscaling_group",
      "name": "autoscaling_grp",
      "provider": "provider[\"registry.terraform.io/hashicorp/aws\"]",
      "instances": [
        {
          "schema_version": 0,
          "attributes": {
            "arn": "arn:aws:autoscaling:eu-central-1:504364225420:autoScalingGroup:6cc4cb7b-f955-40f3-951f-b39b22750853:autoScalingGroupName/terraform-20210926083402377600000005",
            "availability_zones": [
              "eu-central-1a",
              "eu-central-1b"
            ],
            "capacity_rebalance": false,
            "default_cooldown": 300,
            "desired_capacity": 1,
            "enabled_metrics": [],
            "force_delete": false,
            "force_delete_warm_pool": false,
            "health_check_grace_period": 300,
            "health_check_type": "EC2",
            "id": "terraform-20210926083402377600000005",
            "initial_lifecycle_hook": [],
            "instance_refresh": [],
            "launch_configuration": "",
            "launch_template": [
              {
                "id": "lt-01427b85de4c417fc",
                "name": "Prod_temp20210926082936657800000002",
                "version": "$Latest"
              }
            ],
            "load_balancers": [
              "Prod-elb"
            ],
            "max_instance_lifetime": 0,
            "max_size": 4,
            "metrics_granularity": "1Minute",
            "min_elb_capacity": null,
            "min_size": 1,
            "mixed_instances_policy": [],
            "name": "terraform-20210926083402377600000005",
            "name_prefix": "terraform-",
            "placement_group": "",
            "protect_from_scale_in": false,
            "service_linked_role_arn": "arn:aws:iam::504364225420:role/aws-service-role/autoscaling.amazonaws.com/AWSServiceRoleForAutoScaling",
            "suspended_processes": [],
            "tag": [],
            "tags": null,
            "target_group_arns": [],
            "termination_policies": [],
            "timeouts": null,
            "vpc_zone_identifier": [
              "subnet-08215f4553ee77a36",
              "subnet-0bb34a0615d678ff0"
            ],
            "wait_for_capacity_timeout": "10m",
            "wait_for_elb_capacity": null,
            "warm_pool": []
          },
          "sensitive_attributes": [],
          "private": "eyJlMmJmYjczMC1lY2FhLTExZTYtOGY4OC0zNDM2M2JjN2M0YzAiOnsiZGVsZXRlIjo2MDAwMDAwMDAwMDB9fQ==",
          "dependencies": [
            "aws_iam_instance_profile.get_secret_role_profile",
            "aws_iam_role.get_secret_role",
            "aws_security_group.allow_http",
            "aws_subnet.subnet_a",
            "random_password.password",
            "aws_db_instance.default",
            "aws_db_subnet_group.prod_db",
            "aws_elb.prod_lb",
            "aws_internet_gateway.prod_ig",
            "aws_launch_template.prod_launch_temp",
            "aws_subnet.subnet_b",
            "aws_vpc.main_vpc"
          ]
        }
      ]
    },
    {
      "mode": "managed",
      "type": "aws_autoscaling_policy",
      "name": "min_count_supprt",
      "provider": "provider[\"registry.terraform.io/hashicorp/aws\"]",
      "instances": [
        {
          "schema_version": 0,
          "attributes": {
            "adjustment_type": "ChangeInCapacity",
            "arn": "arn:aws:autoscaling:eu-central-1:504364225420:scalingPolicy:10ef2ae2-f816-4440-8f43-228ba68b09e0:autoScalingGroupName/terraform-20210926083402377600000005:policyName/Prod_min_count_supprt",
            "autoscaling_group_name": "terraform-20210926083402377600000005",
            "cooldown": 120,
            "estimated_instance_warmup": 0,
            "id": "Prod_min_count_supprt",
            "metric_aggregation_type": "",
            "min_adjustment_magnitude": null,
            "name": "Prod_min_count_supprt",
            "policy_type": "SimpleScaling",
            "predictive_scaling_configuration": [],
            "scaling_adjustment": 1,
            "step_adjustment": [],
            "target_tracking_configuration": []
          },
          "sensitive_attributes": [],
          "private": "bnVsbA==",
          "dependencies": [
            "aws_launch_template.prod_launch_temp",
            "aws_security_group.allow_http",
            "aws_db_instance.default",
            "aws_iam_instance_profile.get_secret_role_profile",
            "aws_internet_gateway.prod_ig",
            "aws_iam_role.get_secret_role",
            "aws_subnet.subnet_a",
            "aws_subnet.subnet_b",
            "aws_vpc.main_vpc",
            "random_password.password",
            "aws_autoscaling_group.autoscaling_grp",
            "aws_db_subnet_group.prod_db",
            "aws_elb.prod_lb"
          ]
        }
      ]
    },
    {
      "mode": "managed",
      "type": "aws_autoscaling_policy",
      "name": "min_count_supprt_1",
      "provider": "provider[\"registry.terraform.io/hashicorp/aws\"]",
      "instances": [
        {
          "schema_version": 0,
          "attributes": {
            "adjustment_type": "ChangeInCapacity",
            "arn": "arn:aws:autoscaling:eu-central-1:504364225420:scalingPolicy:61b4babc-b973-49f5-a399-f826e3f50aad:autoScalingGroupName/terraform-20210926083402377600000005:policyName/Prod_min_count_supprt_1",
            "autoscaling_group_name": "terraform-20210926083402377600000005",
            "cooldown": 120,
            "estimated_instance_warmup": 0,
            "id": "Prod_min_count_supprt_1",
            "metric_aggregation_type": "",
            "min_adjustment_magnitude": null,
            "name": "Prod_min_count_supprt_1",
            "policy_type": "SimpleScaling",
            "predictive_scaling_configuration": [],
            "scaling_adjustment": -1,
            "step_adjustment": [],
            "target_tracking_configuration": []
          },
          "sensitive_attributes": [],
          "private": "bnVsbA==",
          "dependencies": [
            "aws_security_group.allow_http",
            "aws_subnet.subnet_b",
            "aws_vpc.main_vpc",
            "random_password.password",
            "aws_db_instance.default",
            "aws_iam_instance_profile.get_secret_role_profile",
            "aws_iam_role.get_secret_role",
            "aws_launch_template.prod_launch_temp",
            "aws_subnet.subnet_a",
            "aws_autoscaling_group.autoscaling_grp",
            "aws_db_subnet_group.prod_db",
            "aws_elb.prod_lb",
            "aws_internet_gateway.prod_ig"
          ]
        }
      ]
    },
    {
      "mode": "managed",
      "type": "aws_cloudwatch_metric_alarm",
      "name": "bat",
      "provider": "provider[\"registry.terraform.io/hashicorp/aws\"]",
      "instances": [
        {
          "schema_version": 1,
          "attributes": {
            "actions_enabled": true,
            "alarm_actions": [
              "arn:aws:autoscaling:eu-central-1:504364225420:scalingPolicy:61b4babc-b973-49f5-a399-f826e3f50aad:autoScalingGroupName/terraform-20210926083402377600000005:policyName/Prod_min_count_supprt_1"
            ],
            "alarm_description": "This metric monitors ec2 cpu utilization",
            "alarm_name": "Prod_cpu_l20",
            "arn": "arn:aws:cloudwatch:eu-central-1:504364225420:alarm:Prod_cpu_l20",
            "comparison_operator": "LessThanThreshold",
            "datapoints_to_alarm": 0,
            "dimensions": {
              "AutoScalingGroupName": "terraform-20210926083402377600000005"
            },
            "evaluate_low_sample_count_percentiles": "",
            "evaluation_periods": 2,
            "extended_statistic": "",
            "id": "Prod_cpu_l20",
            "insufficient_data_actions": [],
            "metric_name": "CPUUtilization",
            "metric_query": [],
            "namespace": "AWS/EC2",
            "ok_actions": [],
            "period": 60,
            "statistic": "Average",
            "tags": {},
            "tags_all": {},
            "threshold": 20,
            "threshold_metric_id": "",
            "treat_missing_data": "missing",
            "unit": ""
          },
          "sensitive_attributes": [],
          "private": "eyJzY2hlbWFfdmVyc2lvbiI6IjEifQ==",
          "dependencies": [
            "aws_iam_role.get_secret_role",
            "aws_subnet.subnet_b",
            "aws_autoscaling_policy.min_count_supprt_1",
            "aws_subnet.subnet_a",
            "aws_iam_instance_profile.get_secret_role_profile",
            "aws_launch_template.prod_launch_temp",
            "aws_vpc.main_vpc",
            "aws_elb.prod_lb",
            "aws_db_instance.default",
            "aws_db_subnet_group.prod_db",
            "aws_internet_gateway.prod_ig",
            "aws_security_group.allow_http",
            "random_password.password",
            "aws_autoscaling_group.autoscaling_grp"
          ]
        }
      ]
    },
    {
      "mode": "managed",
      "type": "aws_cloudwatch_metric_alarm",
      "name": "bat1",
      "provider": "provider[\"registry.terraform.io/hashicorp/aws\"]",
      "instances": [
        {
          "schema_version": 1,
          "attributes": {
            "actions_enabled": true,
            "alarm_actions": [
              "arn:aws:autoscaling:eu-central-1:504364225420:scalingPolicy:10ef2ae2-f816-4440-8f43-228ba68b09e0:autoScalingGroupName/terraform-20210926083402377600000005:policyName/Prod_min_count_supprt"
            ],
            "alarm_description": "This metric monitors ec2 cpu utilization",
            "alarm_name": "Prod_cpu_o60",
            "arn": "arn:aws:cloudwatch:eu-central-1:504364225420:alarm:Prod_cpu_o60",
            "comparison_operator": "GreaterThanThreshold",
            "datapoints_to_alarm": 0,
            "dimensions": {
              "AutoScalingGroupName": "terraform-20210926083402377600000005"
            },
            "evaluate_low_sample_count_percentiles": "",
            "evaluation_periods": 2,
            "extended_statistic": "",
            "id": "Prod_cpu_o60",
            "insufficient_data_actions": [],
            "metric_name": "CPUUtilization",
            "metric_query": [],
            "namespace": "AWS/EC2",
            "ok_actions": [],
            "period": 60,
            "statistic": "Average",
            "tags": {},
            "tags_all": {},
            "threshold": 60,
            "threshold_metric_id": "",
            "treat_missing_data": "missing",
            "unit": ""
          },
          "sensitive_attributes": [],
          "private": "eyJzY2hlbWFfdmVyc2lvbiI6IjEifQ==",
          "dependencies": [
            "aws_vpc.main_vpc",
            "random_password.password",
            "aws_launch_template.prod_launch_temp",
            "aws_security_group.allow_http",
            "aws_internet_gateway.prod_ig",
            "aws_subnet.subnet_a",
            "aws_db_subnet_group.prod_db",
            "aws_iam_role.get_secret_role",
            "aws_elb.prod_lb",
            "aws_iam_instance_profile.get_secret_role_profile",
            "aws_autoscaling_policy.min_count_supprt",
            "aws_db_instance.default",
            "aws_autoscaling_group.autoscaling_grp",
            "aws_subnet.subnet_b"
          ]
        }
      ]
    },
    {
      "mode": "managed",
      "type": "aws_db_instance",
      "name": "default",
      "provider": "provider[\"registry.terraform.io/hashicorp/aws\"]",
      "instances": [
        {
          "schema_version": 1,
          "attributes": {
            "address": "terraform-20210926082948711900000004.cun7phzbjcim.eu-central-1.rds.amazonaws.com",
            "allocated_storage": 5,
            "allow_major_version_upgrade": null,
            "apply_immediately": null,
            "arn": "arn:aws:rds:eu-central-1:504364225420:db:terraform-20210926082948711900000004",
            "auto_minor_version_upgrade": true,
            "availability_zone": "eu-central-1a",
            "backup_retention_period": 0,
            "backup_window": "21:28-21:58",
            "ca_cert_identifier": "rds-ca-2019",
            "character_set_name": "",
            "copy_tags_to_snapshot": false,
            "customer_owned_ip_enabled": false,
            "db_subnet_group_name": "main",
            "delete_automated_backups": true,
            "deletion_protection": false,
            "domain": "",
            "domain_iam_role_name": "",
            "enabled_cloudwatch_logs_exports": [],
            "endpoint": "terraform-20210926082948711900000004.cun7phzbjcim.eu-central-1.rds.amazonaws.com:3306",
            "engine": "mysql",
            "engine_version": "5.7",
            "engine_version_actual": "5.7.33",
            "final_snapshot_identifier": null,
            "hosted_zone_id": "Z1RLNUO7B9Q6NB",
            "iam_database_authentication_enabled": false,
            "id": "terraform-20210926082948711900000004",
            "identifier": "terraform-20210926082948711900000004",
            "identifier_prefix": null,
            "instance_class": "db.t2.micro",
            "iops": 0,
            "kms_key_id": "",
            "latest_restorable_time": "0001-01-01T00:00:00Z",
            "license_model": "general-public-license",
            "maintenance_window": "fri:03:20-fri:03:50",
            "max_allocated_storage": 10,
            "monitoring_interval": 0,
            "monitoring_role_arn": "",
            "multi_az": false,
            "name": "mydb",
            "nchar_character_set_name": "",
            "option_group_name": "default:mysql-5-7",
            "parameter_group_name": "default.mysql5.7",
            "password": "buD0iCXzuM9FoSCe",
            "performance_insights_enabled": false,
            "performance_insights_kms_key_id": "",
            "performance_insights_retention_period": 0,
            "port": 3306,
            "publicly_accessible": false,
            "replicas": [],
            "replicate_source_db": "",
            "resource_id": "db-Y5XJUJX4GIK7RNFDBH6ZOWANZI",
            "restore_to_point_in_time": [],
            "s3_import": [],
            "security_group_names": [],
            "skip_final_snapshot": true,
            "snapshot_identifier": null,
            "status": "available",
            "storage_encrypted": false,
            "storage_type": "gp2",
            "tags": {},
            "tags_all": {},
            "timeouts": null,
            "timezone": "",
            "username": "admin",
            "vpc_security_group_ids": [
              "sg-0be927504af3e29e1"
            ]
          },
          "sensitive_attributes": [
            [
              {
                "type": "get_attr",
                "value": "password"
              }
            ]
          ],
          "private": "eyJlMmJmYjczMC1lY2FhLTExZTYtOGY4OC0zNDM2M2JjN2M0YzAiOnsiY3JlYXRlIjoyNDAwMDAwMDAwMDAwLCJkZWxldGUiOjM2MDAwMDAwMDAwMDAsInVwZGF0ZSI6NDgwMDAwMDAwMDAwMH0sInNjaGVtYV92ZXJzaW9uIjoiMSJ9",
          "dependencies": [
            "aws_db_subnet_group.prod_db",
            "aws_internet_gateway.prod_ig",
            "aws_subnet.subnet_a",
            "aws_subnet.subnet_b",
            "aws_vpc.main_vpc",
            "random_password.password"
          ]
        }
      ]
    },
    {
      "mode": "managed",
      "type": "aws_db_subnet_group",
      "name": "prod_db",
      "provider": "provider[\"registry.terraform.io/hashicorp/aws\"]",
      "instances": [
        {
          "schema_version": 0,
          "attributes": {
            "arn": "arn:aws:rds:eu-central-1:504364225420:subgrp:main",
            "description": "Managed by Terraform",
            "id": "main",
            "name": "main",
            "name_prefix": null,
            "subnet_ids": [
              "subnet-08215f4553ee77a36",
              "subnet-0bb34a0615d678ff0"
            ],
            "tags": {
              "Name": "My DB subnet group"
            },
            "tags_all": {
              "Name": "My DB subnet group"
            }
          },
          "sensitive_attributes": [],
          "private": "bnVsbA==",
          "dependencies": [
            "aws_subnet.subnet_b",
            "aws_vpc.main_vpc",
            "aws_internet_gateway.prod_ig",
            "aws_subnet.subnet_a"
          ]
        }
      ]
    },
    {
      "mode": "managed",
      "type": "aws_efs_file_system",
      "name": "db-efs",
      "provider": "provider[\"registry.terraform.io/hashicorp/aws\"]",
      "instances": [
        {
          "schema_version": 0,
          "attributes": {
            "arn": "arn:aws:elasticfilesystem:eu-central-1:504364225420:file-system/fs-c87cf393",
            "availability_zone_id": "",
            "availability_zone_name": "",
            "creation_token": "my-product",
            "dns_name": "fs-c87cf393.efs.eu-central-1.amazonaws.com",
            "encrypted": false,
            "id": "fs-c87cf393",
            "kms_key_id": "",
            "lifecycle_policy": [],
            "number_of_mount_targets": 2,
            "owner_id": "504364225420",
            "performance_mode": "generalPurpose",
            "provisioned_throughput_in_mibps": 0,
            "size_in_bytes": [
              {
                "value": 6144,
                "value_in_ia": 0,
                "value_in_standard": 6144
              }
            ],
            "tags": {
              "Name": "db-efs"
            },
            "tags_all": {
              "Name": "db-efs"
            },
            "throughput_mode": "bursting"
          },
          "sensitive_attributes": [],
          "private": "bnVsbA=="
        }
      ]
    },
    {
      "mode": "managed",
      "type": "aws_efs_mount_target",
      "name": "subnet_a",
      "provider": "provider[\"registry.terraform.io/hashicorp/aws\"]",
      "instances": [
        {
          "schema_version": 0,
          "attributes": {
            "availability_zone_id": "euc1-az2",
            "availability_zone_name": "eu-central-1a",
            "dns_name": "fs-c87cf393.efs.eu-central-1.amazonaws.com",
            "file_system_arn": "arn:aws:elasticfilesystem:eu-central-1:504364225420:file-system/fs-c87cf393",
            "file_system_id": "fs-c87cf393",
            "id": "fsmt-6948a631",
            "ip_address": "137.23.1.210",
            "mount_target_dns_name": "eu-central-1a.fs-c87cf393.efs.eu-central-1.amazonaws.com",
            "network_interface_id": "eni-0c634fe2534b028e3",
            "owner_id": "504364225420",
            "security_groups": [
              "sg-0be927504af3e29e1"
            ],
            "subnet_id": "subnet-0bb34a0615d678ff0"
          },
          "sensitive_attributes": [],
          "private": "bnVsbA==",
          "dependencies": [
            "aws_efs_file_system.db-efs",
            "aws_internet_gateway.prod_ig",
            "aws_subnet.subnet_a",
            "aws_vpc.main_vpc"
          ]
        }
      ]
    },
    {
      "mode": "managed",
      "type": "aws_efs_mount_target",
      "name": "subnet_b",
      "provider": "provider[\"registry.terraform.io/hashicorp/aws\"]",
      "instances": [
        {
          "schema_version": 0,
          "attributes": {
            "availability_zone_id": "euc1-az3",
            "availability_zone_name": "eu-central-1b",
            "dns_name": "fs-c87cf393.efs.eu-central-1.amazonaws.com",
            "file_system_arn": "arn:aws:elasticfilesystem:eu-central-1:504364225420:file-system/fs-c87cf393",
            "file_system_id": "fs-c87cf393",
            "id": "fsmt-6a48a632",
            "ip_address": "137.23.2.93",
            "mount_target_dns_name": "eu-central-1b.fs-c87cf393.efs.eu-central-1.amazonaws.com",
            "network_interface_id": "eni-093a66915c2eae87a",
            "owner_id": "504364225420",
            "security_groups": [
              "sg-0be927504af3e29e1"
            ],
            "subnet_id": "subnet-08215f4553ee77a36"
          },
          "sensitive_attributes": [],
          "private": "bnVsbA==",
          "dependencies": [
            "aws_internet_gateway.prod_ig",
            "aws_subnet.subnet_b",
            "aws_vpc.main_vpc",
            "aws_efs_file_system.db-efs"
          ]
        }
      ]
    },
    {
      "mode": "managed",
      "type": "aws_elb",
      "name": "prod_lb",
      "provider": "provider[\"registry.terraform.io/hashicorp/aws\"]",
      "instances": [
        {
          "schema_version": 0,
          "attributes": {
            "access_logs": [],
            "arn": "arn:aws:elasticloadbalancing:eu-central-1:504364225420:loadbalancer/Prod-elb",
            "availability_zones": [
              "eu-central-1a",
              "eu-central-1b"
            ],
            "connection_draining": true,
            "connection_draining_timeout": 400,
            "cross_zone_load_balancing": true,
            "dns_name": "Prod-elb-986193545.eu-central-1.elb.amazonaws.com",
            "health_check": [
              {
                "healthy_threshold": 2,
                "interval": 10,
                "target": "HTTP:80/",
                "timeout": 3,
                "unhealthy_threshold": 2
              }
            ],
            "id": "Prod-elb",
            "idle_timeout": 400,
            "instances": [
              "i-0718b15cce4c179b8"
            ],
            "internal": false,
            "listener": [
              {
                "instance_port": 80,
                "instance_protocol": "http",
                "lb_port": 80,
                "lb_protocol": "http",
                "ssl_certificate_id": ""
              }
            ],
            "name": "Prod-elb",
            "name_prefix": null,
            "security_groups": [
              "sg-0ae1e42fd83c0f98b"
            ],
            "source_security_group": "504364225420/Prod_allow_http",
            "source_security_group_id": "sg-0ae1e42fd83c0f98b",
            "subnets": [
              "subnet-08215f4553ee77a36",
              "subnet-0bb34a0615d678ff0"
            ],
            "tags": {
              "Name": "Prod_elb"
            },
            "tags_all": {
              "Name": "Prod_elb"
            },
            "zone_id": "Z215JYRZR1TBD5"
          },
          "sensitive_attributes": [],
          "private": "bnVsbA==",
          "dependencies": [
            "aws_internet_gateway.prod_ig",
            "aws_security_group.allow_http",
            "aws_subnet.subnet_a",
            "aws_subnet.subnet_b",
            "aws_vpc.main_vpc"
          ]
        }
      ]
    },
    {
      "mode": "managed",
      "type": "aws_iam_instance_profile",
      "name": "get_secret_role_profile",
      "provider": "provider[\"registry.terraform.io/hashicorp/aws\"]",
      "instances": [
        {
          "schema_version": 0,
          "attributes": {
            "arn": "arn:aws:iam::504364225420:instance-profile/get_secret_role_profile",
            "create_date": "2021-09-26T08:29:23Z",
            "id": "get_secret_role_profile",
            "name": "get_secret_role_profile",
            "name_prefix": null,
            "path": "/",
            "role": "get_secret_role",
            "tags": {},
            "tags_all": {},
            "unique_id": "AIPAXK3TTKOGJJM535NHN"
          },
          "sensitive_attributes": [],
          "private": "bnVsbA==",
          "dependencies": [
            "aws_iam_role.get_secret_role"
          ]
        }
      ]
    },
    {
      "mode": "managed",
      "type": "aws_iam_policy",
      "name": "get_secret_policy",
      "provider": "provider[\"registry.terraform.io/hashicorp/aws\"]",
      "instances": [
        {
          "schema_version": 0,
          "attributes": {
            "arn": "arn:aws:iam::504364225420:policy/get_secret_policy",
            "description": "",
            "id": "arn:aws:iam::504364225420:policy/get_secret_policy",
            "name": "get_secret_policy",
            "name_prefix": null,
            "path": "/",
            "policy": "{\"Statement\":[{\"Action\":[\"secretsmanager:GetResourcePolicy\",\"secretsmanager:GetSecretValue\",\"secretsmanager:DescribeSecret\",\"secretsmanager:ListSecretVersionIds\",\"secretsmanager:ListSecrets\"],\"Effect\":\"Allow\",\"Resource\":[\"*\"]}],\"Version\":\"2012-10-17\"}",
            "policy_id": "ANPAXK3TTKOGNHBSU2T7K",
            "tags": {},
            "tags_all": {}
          },
          "sensitive_attributes": [],
          "private": "bnVsbA=="
        }
      ]
    },
    {
      "mode": "managed",
      "type": "aws_iam_role",
      "name": "get_secret_role",
      "provider": "provider[\"registry.terraform.io/hashicorp/aws\"]",
      "instances": [
        {
          "schema_version": 0,
          "attributes": {
            "arn": "arn:aws:iam::504364225420:role/get_secret_role",
            "assume_role_policy": "{\"Version\":\"2012-10-17\",\"Statement\":[{\"Sid\":\"\",\"Effect\":\"Allow\",\"Principal\":{\"Service\":\"ec2.amazonaws.com\"},\"Action\":\"sts:AssumeRole\"}]}",
            "create_date": "2021-09-26T08:29:21Z",
            "description": "",
            "force_detach_policies": false,
            "id": "get_secret_role",
            "inline_policy": [
              {
                "name": "",
                "policy": ""
              }
            ],
            "managed_policy_arns": [
              "arn:aws:iam::504364225420:policy/get_secret_policy"
            ],
            "max_session_duration": 3600,
            "name": "get_secret_role",
            "name_prefix": null,
            "path": "/",
            "permissions_boundary": null,
            "tags": {},
            "tags_all": {},
            "unique_id": "AROAXK3TTKOGL6WD4E5NF"
          },
          "sensitive_attributes": [],
          "private": "bnVsbA=="
        }
      ]
    },
    {
      "mode": "managed",
      "type": "aws_iam_role_policy_attachment",
      "name": "attach",
      "provider": "provider[\"registry.terraform.io/hashicorp/aws\"]",
      "instances": [
        {
          "schema_version": 0,
          "attributes": {
            "id": "get_secret_role-20210926082923945800000001",
            "policy_arn": "arn:aws:iam::504364225420:policy/get_secret_policy",
            "role": "get_secret_role"
          },
          "sensitive_attributes": [],
          "private": "bnVsbA==",
          "dependencies": [
            "aws_iam_policy.get_secret_policy",
            "aws_iam_role.get_secret_role"
          ]
        }
      ]
    },
    {
      "mode": "managed",
      "type": "aws_internet_gateway",
      "name": "prod_ig",
      "provider": "provider[\"registry.terraform.io/hashicorp/aws\"]",
      "instances": [
        {
          "schema_version": 0,
          "attributes": {
            "arn": "arn:aws:ec2:eu-central-1:504364225420:internet-gateway/igw-071abba2192dd5d95",
            "id": "igw-071abba2192dd5d95",
            "owner_id": "504364225420",
            "tags": {
              "Name": "Prod_internet_gateway"
            },
            "tags_all": {
              "Name": "Prod_internet_gateway"
            },
            "vpc_id": "vpc-0edf66f38497e7b32"
          },
          "sensitive_attributes": [],
          "private": "bnVsbA==",
          "dependencies": [
            "aws_vpc.main_vpc"
          ]
        }
      ]
    },
    {
      "mode": "managed",
      "type": "aws_launch_template",
      "name": "prod_launch_temp",
      "provider": "provider[\"registry.terraform.io/hashicorp/aws\"]",
      "instances": [
        {
          "schema_version": 0,
          "attributes": {
            "arn": "arn:aws:ec2:eu-central-1:504364225420:launch-template/lt-01427b85de4c417fc",
            "block_device_mappings": [],
            "capacity_reservation_specification": [],
            "cpu_options": [],
            "credit_specification": [],
            "default_version": 1,
            "description": "",
            "disable_api_termination": false,
            "ebs_optimized": "",
            "elastic_gpu_specifications": [],
            "elastic_inference_accelerator": [],
            "enclave_options": [],
            "hibernation_options": [],
            "iam_instance_profile": [
              {
                "arn": "",
                "name": "get_secret_role_profile"
              }
            ],
            "id": "lt-01427b85de4c417fc",
            "image_id": "ami-05f7491af5eef733a",
            "instance_initiated_shutdown_behavior": "",
            "instance_market_options": [],
            "instance_type": "t2.micro",
            "kernel_id": "",
            "key_name": "",
            "latest_version": 11,
            "license_specification": [],
            "metadata_options": [],
            "monitoring": [],
            "name": "Prod_temp20210926082936657800000002",
            "name_prefix": "Prod_temp",
            "network_interfaces": [],
            "placement": [],
            "ram_disk_id": "",
            "security_group_names": [],
            "tag_specifications": [],
            "tags": {},
            "tags_all": {},
            "update_default_version": null,
            "user_data": "IyEvYmluL2Jhc2ggLWUKc3VkbyBhcHQgdXBkYXRlIC15CiNzdWRvIGFwdCBpbnN0YWxsIGFwYWNoZTIgLXkKI3N1ZG8gc3lzdGVtY3RsIHN0YXJ0IGFwYWNoZTIKI3N1ZG8gc3lzdGVtY3RsIHN0b3AgYXBhY2hlMgojc3VkbyBiYXNoIC1jICdlY2hvICJUZXN0IHdlYiBzZXJ2ZXI8YnI+aXA6ICQoaG9zdG5hbWUpIiA+IC92YXIvd3d3L2h0bWwvaW5kZXguaHRtbCcKCnN1ZG8gYXB0ICBpbnN0YWxsIGRvY2tlci5pbyBhd3NjbGkganEgbmZzLWNvbW1vbiAteQpzdWRvIHVzZXJtb2QgLWFHIGRvY2tlciB1YnVudHUKc3VkbyBzeXN0ZW1jdGwgZW5hYmxlIGRvY2tlcgpzdWRvIHN5c3RlbWN0bCBzdGFydCBkb2NrZXIKCnN1ZG8gY3VybCAtTCBodHRwczovL2dpdGh1Yi5jb20vZG9ja2VyL2NvbXBvc2UvcmVsZWFzZXMvbGF0ZXN0L2Rvd25sb2FkL2RvY2tlci1jb21wb3NlLSQodW5hbWUgLXMpLSQodW5hbWUgLW0pIC1vIC91c3IvYmluL2RvY2tlci1jb21wb3NlCnN1ZG8gY2htb2QgK3ggL3Vzci9iaW4vZG9ja2VyLWNvbXBvc2UKCnN1ZG8gbWtkaXIgL3dvcmRwcmVzcwpleHBvcnQgQVBQX0hPTUVfRElSPSIvaG9tZS91YnVudHUvd3AiCm1rZGlyIC1wICR7QVBQX0hPTUVfRElSfQoKY2F0IDw8RU9GID4gJHtBUFBfSE9NRV9ESVJ9L3J1bi5zaAplY2hvIFdPUkRQUkVTU19EQl9VU0VSPVwkKGF3cyBzZWNyZXRzbWFuYWdlciBnZXQtc2VjcmV0LXZhbHVlIC0tc2VjcmV0LWlkIGNyZWRlbnRpYWxzMCAtLXJlZ2lvbj1ldS1jZW50cmFsLTEgfCBqcSAtcnMgIi5bXS5TZWNyZXRTdHJpbmciIHwganEgIC1yICIudXNlcm5hbWUiKSA+ICR7QVBQX0hPTUVfRElSfS8uZW52CmVjaG8gV09SRFBSRVNTX0RCX1BBU1NXT1JEPVwkKGF3cyBzZWNyZXRzbWFuYWdlciBnZXQtc2VjcmV0LXZhbHVlIC0tc2VjcmV0LWlkIGNyZWRlbnRpYWxzMCAtLXJlZ2lvbj1ldS1jZW50cmFsLTEgfCBqcSAtcnMgIi5bXS5TZWNyZXRTdHJpbmciIHwganEgIC1yICIucGFzc3dvcmQiKSA+PiAke0FQUF9IT01FX0RJUn0vLmVudgplY2hvIFdPUkRQUkVTU19EQl9IT1NUPVwkKGF3cyBzZWNyZXRzbWFuYWdlciBnZXQtc2VjcmV0LXZhbHVlIC0tc2VjcmV0LWlkIGNyZWRlbnRpYWxzMCAtLXJlZ2lvbj1ldS1jZW50cmFsLTEgfCBqcSAtcnMgIi5bXS5TZWNyZXRTdHJpbmciIHwganEgIC1yICIuaG9zdCIpID4+ICR7QVBQX0hPTUVfRElSfS8uZW52CmVjaG8gV09SRFBSRVNTX0RCX05BTUU9XCQoYXdzIHNlY3JldHNtYW5hZ2VyIGdldC1zZWNyZXQtdmFsdWUgLS1zZWNyZXQtaWQgY3JlZGVudGlhbHMwIC0tcmVnaW9uPWV1LWNlbnRyYWwtMSB8IGpxIC1ycyAiLltdLlNlY3JldFN0cmluZyIgfCBqcSAgLXIgIi5kYm5hbWUiKSA+PiAke0FQUF9IT01FX0RJUn0vLmVudgoKL3Vzci9iaW4vZG9ja2VyLWNvbXBvc2UgLWYgJHtBUFBfSE9NRV9ESVJ9L2RvY2tlci1jb21wb3NlLnltbCB1cCAtZCAtLXJlbW92ZS1vcnBoYW4KRU9GCgpjYXQgPDxFT0YgPiAke0FQUF9IT01FX0RJUn0vZG9ja2VyLWNvbXBvc2UueW1sCnZlcnNpb246ICczLjMnCnNlcnZpY2VzOgogICB3b3JkcHJlc3M6CiAgICAgaW1hZ2U6IHdvcmRwcmVzczpsYXRlc3QKICAgICBwb3J0czoKICAgICAgIC0gIjgwOjgwIgogICAgIHJlc3RhcnQ6IGFsd2F5cwogICAgIGVudl9maWxlOgogICAgICAgLSAke0FQUF9IT01FX0RJUn0vLmVudgogICAgIHZvbHVtZXM6CiAgICAgICAtIC93b3JkcHJlc3M6L3Zhci93d3cvaHRtbApFT0YKCmNobW9kICt4ICR7QVBQX0hPTUVfRElSfS9ydW4uc2gKCmNhdCA8PEVPRiA+ICR7QVBQX0hPTUVfRElSfS9kb2NrZXJfYm9vdC5zZXJ2aWNlCltVbml0XQpEZXNjcmlwdGlvbj1kb2NrZXIgYm9vdApBZnRlcj1kb2NrZXIuc2VydmljZQoKCltTZXJ2aWNlXQpUeXBlPW9uZXNob3QKUmVtYWluQWZ0ZXJFeGl0PXllcwpXb3JraW5nRGlyZWN0b3J5PSR7QVBQX0hPTUVfRElSfQpFeGVjU3RhcnQ9L2Jpbi9iYXNoIC1jICR7QVBQX0hPTUVfRElSfS9ydW4uc2gKCgpbSW5zdGFsbF0KV2FudGVkQnk9bXVsdGktdXNlci50YXJnZXQKRU9GCgpzdWRvIGNwIC12ICR7QVBQX0hPTUVfRElSfS9kb2NrZXJfYm9vdC5zZXJ2aWNlIC9ldGMvc3lzdGVtZC9zeXN0ZW0Kc3VkbyBzeXN0ZW1jdGwgZW5hYmxlIGRvY2tlcl9ib290LnNlcnZpY2UKc3VkbyBzeXN0ZW1jdGwgc3RhcnQgZG9ja2VyX2Jvb3Quc2VydmljZQo=",
            "vpc_security_group_ids": [
              "sg-0ae1e42fd83c0f98b",
              "sg-0be927504af3e29e1"
            ]
          },
          "sensitive_attributes": [],
          "private": "bnVsbA==",
          "dependencies": [
            "aws_vpc.main_vpc",
            "aws_iam_instance_profile.get_secret_role_profile",
            "aws_iam_role.get_secret_role",
            "aws_security_group.allow_http"
          ]
        }
      ]
    },
    {
      "mode": "managed",
      "type": "aws_route_table",
      "name": "prod_rt",
      "provider": "provider[\"registry.terraform.io/hashicorp/aws\"]",
      "instances": [
        {
          "schema_version": 0,
          "attributes": {
            "arn": "arn:aws:ec2:eu-central-1:504364225420:route-table/rtb-0a8175fa75112d995",
            "id": "rtb-0a8175fa75112d995",
            "owner_id": "504364225420",
            "propagating_vgws": [],
            "route": [
              {
                "carrier_gateway_id": "",
                "cidr_block": "0.0.0.0/0",
                "destination_prefix_list_id": "",
                "egress_only_gateway_id": "",
                "gateway_id": "igw-071abba2192dd5d95",
                "instance_id": "",
                "ipv6_cidr_block": "",
                "local_gateway_id": "",
                "nat_gateway_id": "",
                "network_interface_id": "",
                "transit_gateway_id": "",
                "vpc_endpoint_id": "",
                "vpc_peering_connection_id": ""
              }
            ],
            "tags": {
              "Name": "Prod_igw_rt"
            },
            "tags_all": {
              "Name": "Prod_igw_rt"
            },
            "vpc_id": "vpc-0edf66f38497e7b32"
          },
          "sensitive_attributes": [],
          "private": "bnVsbA==",
          "dependencies": [
            "aws_internet_gateway.prod_ig",
            "aws_vpc.main_vpc"
          ]
        }
      ]
    },
    {
      "mode": "managed",
      "type": "aws_route_table_association",
      "name": "association_to_a",
      "provider": "provider[\"registry.terraform.io/hashicorp/aws\"]",
      "instances": [
        {
          "schema_version": 0,
          "attributes": {
            "gateway_id": "",
            "id": "rtbassoc-0c6cb2a7f401d8f6a",
            "route_table_id": "rtb-0a8175fa75112d995",
            "subnet_id": "subnet-0bb34a0615d678ff0"
          },
          "sensitive_attributes": [],
          "private": "bnVsbA==",
          "dependencies": [
            "aws_internet_gateway.prod_ig",
            "aws_route_table.prod_rt",
            "aws_subnet.subnet_a",
            "aws_vpc.main_vpc"
          ]
        }
      ]
    },
    {
      "mode": "managed",
      "type": "aws_route_table_association",
      "name": "association_to_b",
      "provider": "provider[\"registry.terraform.io/hashicorp/aws\"]",
      "instances": [
        {
          "schema_version": 0,
          "attributes": {
            "gateway_id": "",
            "id": "rtbassoc-067e16ae4f79fe745",
            "route_table_id": "rtb-0a8175fa75112d995",
            "subnet_id": "subnet-08215f4553ee77a36"
          },
          "sensitive_attributes": [],
          "private": "bnVsbA==",
          "dependencies": [
            "aws_internet_gateway.prod_ig",
            "aws_route_table.prod_rt",
            "aws_subnet.subnet_b",
            "aws_vpc.main_vpc"
          ]
        }
      ]
    },
    {
      "mode": "managed",
      "type": "aws_secretsmanager_secret",
      "name": "rds_credentials",
      "provider": "provider[\"registry.terraform.io/hashicorp/aws\"]",
      "instances": [
        {
          "schema_version": 0,
          "attributes": {
            "arn": "arn:aws:secretsmanager:eu-central-1:504364225420:secret:credentials0-i8nkCT",
            "description": "",
            "force_overwrite_replica_secret": false,
            "id": "arn:aws:secretsmanager:eu-central-1:504364225420:secret:credentials0-i8nkCT",
            "kms_key_id": "",
            "name": "credentials0",
            "name_prefix": null,
            "policy": null,
            "recovery_window_in_days": 30,
            "replica": [],
            "rotation_enabled": false,
            "rotation_lambda_arn": "",
            "rotation_rules": [],
            "tags": {},
            "tags_all": {}
          },
          "sensitive_attributes": [],
          "private": "bnVsbA=="
        }
      ]
    },
    {
      "mode": "managed",
      "type": "aws_secretsmanager_secret_version",
      "name": "rds_credentials",
      "provider": "provider[\"registry.terraform.io/hashicorp/aws\"]",
      "instances": [
        {
          "schema_version": 0,
          "attributes": {
            "arn": "arn:aws:secretsmanager:eu-central-1:504364225420:secret:credentials0-i8nkCT",
            "id": "arn:aws:secretsmanager:eu-central-1:504364225420:secret:credentials0-i8nkCT|E0931F08-5D82-4F43-95A2-C12F472F44A5",
            "secret_binary": "",
            "secret_id": "arn:aws:secretsmanager:eu-central-1:504364225420:secret:credentials0-i8nkCT",
            "secret_string": "{\n  \"username\": \"admin\",\n  \"password\": \"buD0iCXzuM9FoSCe\",\n  \"engine\": \"mysql\",\n  \"host\": \"terraform-20210926082948711900000004.cun7phzbjcim.eu-central-1.rds.amazonaws.com\",\n  \"port\": \"3306\",\n  \"dbname\": \"mydb\" \n}\n",
            "version_id": "E0931F08-5D82-4F43-95A2-C12F472F44A5",
            "version_stages": [
              "AWSCURRENT"
            ]
          },
          "sensitive_attributes": [
            [
              {
                "type": "get_attr",
                "value": "secret_string"
              }
            ]
          ],
          "private": "bnVsbA==",
          "dependencies": [
            "aws_internet_gateway.prod_ig",
            "aws_secretsmanager_secret.rds_credentials",
            "aws_subnet.subnet_a",
            "aws_subnet.subnet_b",
            "aws_vpc.main_vpc",
            "random_password.password",
            "aws_db_instance.default",
            "aws_db_subnet_group.prod_db"
          ]
        }
      ]
    },
    {
      "mode": "managed",
      "type": "aws_security_group",
      "name": "allow_http",
      "provider": "provider[\"registry.terraform.io/hashicorp/aws\"]",
      "instances": [
        {
          "schema_version": 1,
          "attributes": {
            "arn": "arn:aws:ec2:eu-central-1:504364225420:security-group/sg-0ae1e42fd83c0f98b",
            "description": "Allow TLS inbound traffic",
            "egress": [
              {
                "cidr_blocks": [
                  "0.0.0.0/0"
                ],
                "description": "",
                "from_port": 0,
                "ipv6_cidr_blocks": [],
                "prefix_list_ids": [],
                "protocol": "tcp",
                "security_groups": [],
                "self": false,
                "to_port": 65535
              }
            ],
            "id": "sg-0ae1e42fd83c0f98b",
            "ingress": [
              {
                "cidr_blocks": [
                  "0.0.0.0/0"
                ],
                "description": "",
                "from_port": 80,
                "ipv6_cidr_blocks": [],
                "prefix_list_ids": [],
                "protocol": "tcp",
                "security_groups": [],
                "self": false,
                "to_port": 80
              },
              {
                "cidr_blocks": [
                  "3.120.181.0/24"
                ],
                "description": "",
                "from_port": 22,
                "ipv6_cidr_blocks": [],
                "prefix_list_ids": [],
                "protocol": "tcp",
                "security_groups": [],
                "self": false,
                "to_port": 22
              }
            ],
            "name": "Prod_allow_http",
            "name_prefix": "",
            "owner_id": "504364225420",
            "revoke_rules_on_delete": false,
            "tags": {
              "Name": "Prod_allow_http"
            },
            "tags_all": {
              "Name": "Prod_allow_http"
            },
            "timeouts": null,
            "vpc_id": "vpc-0edf66f38497e7b32"
          },
          "sensitive_attributes": [],
          "private": "eyJlMmJmYjczMC1lY2FhLTExZTYtOGY4OC0zNDM2M2JjN2M0YzAiOnsiY3JlYXRlIjo2MDAwMDAwMDAwMDAsImRlbGV0ZSI6OTAwMDAwMDAwMDAwfSwic2NoZW1hX3ZlcnNpb24iOiIxIn0=",
          "dependencies": [
            "aws_vpc.main_vpc"
          ]
        }
      ]
    },
    {
      "mode": "managed",
      "type": "aws_security_group_rule",
      "name": "egress_all",
      "provider": "provider[\"registry.terraform.io/hashicorp/aws\"]",
      "instances": [
        {
          "schema_version": 2,
          "attributes": {
            "cidr_blocks": [
              "0.0.0.0/0"
            ],
            "description": "",
            "from_port": 0,
            "id": "sgrule-1013396813",
            "ipv6_cidr_blocks": [],
            "prefix_list_ids": [],
            "protocol": "tcp",
            "security_group_id": "sg-0ae1e42fd83c0f98b",
            "self": false,
            "source_security_group_id": null,
            "to_port": 65535,
            "type": "egress"
          },
          "sensitive_attributes": [],
          "private": "eyJzY2hlbWFfdmVyc2lvbiI6IjIifQ==",
          "dependencies": [
            "aws_security_group.allow_http",
            "aws_vpc.main_vpc"
          ]
        }
      ]
    },
    {
      "mode": "managed",
      "type": "aws_security_group_rule",
      "name": "ingress_22",
      "provider": "provider[\"registry.terraform.io/hashicorp/aws\"]",
      "instances": [
        {
          "schema_version": 2,
          "attributes": {
            "cidr_blocks": [
              "3.120.181.0/24"
            ],
            "description": "",
            "from_port": 22,
            "id": "sgrule-3538805351",
            "ipv6_cidr_blocks": [],
            "prefix_list_ids": [],
            "protocol": "tcp",
            "security_group_id": "sg-0ae1e42fd83c0f98b",
            "self": false,
            "source_security_group_id": null,
            "to_port": 22,
            "type": "ingress"
          },
          "sensitive_attributes": [],
          "private": "eyJzY2hlbWFfdmVyc2lvbiI6IjIifQ==",
          "dependencies": [
            "aws_security_group.allow_http",
            "aws_vpc.main_vpc"
          ]
        }
      ]
    },
    {
      "mode": "managed",
      "type": "aws_security_group_rule",
      "name": "ingress_80",
      "provider": "provider[\"registry.terraform.io/hashicorp/aws\"]",
      "instances": [
        {
          "schema_version": 2,
          "attributes": {
            "cidr_blocks": [
              "0.0.0.0/0"
            ],
            "description": "",
            "from_port": 80,
            "id": "sgrule-2201175990",
            "ipv6_cidr_blocks": [],
            "prefix_list_ids": [],
            "protocol": "tcp",
            "security_group_id": "sg-0ae1e42fd83c0f98b",
            "self": false,
            "source_security_group_id": null,
            "to_port": 80,
            "type": "ingress"
          },
          "sensitive_attributes": [],
          "private": "eyJzY2hlbWFfdmVyc2lvbiI6IjIifQ==",
          "dependencies": [
            "aws_security_group.allow_http",
            "aws_vpc.main_vpc"
          ]
        }
      ]
    },
    {
      "mode": "managed",
      "type": "aws_subnet",
      "name": "subnet_a",
      "provider": "provider[\"registry.terraform.io/hashicorp/aws\"]",
      "instances": [
        {
          "schema_version": 1,
          "attributes": {
            "arn": "arn:aws:ec2:eu-central-1:504364225420:subnet/subnet-0bb34a0615d678ff0",
            "assign_ipv6_address_on_creation": false,
            "availability_zone": "eu-central-1a",
            "availability_zone_id": "euc1-az2",
            "cidr_block": "137.23.1.0/24",
            "customer_owned_ipv4_pool": "",
            "id": "subnet-0bb34a0615d678ff0",
            "ipv6_cidr_block": "",
            "ipv6_cidr_block_association_id": "",
            "map_customer_owned_ip_on_launch": false,
            "map_public_ip_on_launch": true,
            "outpost_arn": "",
            "owner_id": "504364225420",
            "tags": {
              "Name": "Prod_public_subnet_a"
            },
            "tags_all": {
              "Name": "Prod_public_subnet_a"
            },
            "timeouts": null,
            "vpc_id": "vpc-0edf66f38497e7b32"
          },
          "sensitive_attributes": [],
          "private": "eyJlMmJmYjczMC1lY2FhLTExZTYtOGY4OC0zNDM2M2JjN2M0YzAiOnsiY3JlYXRlIjo2MDAwMDAwMDAwMDAsImRlbGV0ZSI6MTIwMDAwMDAwMDAwMH0sInNjaGVtYV92ZXJzaW9uIjoiMSJ9",
          "dependencies": [
            "aws_internet_gateway.prod_ig",
            "aws_vpc.main_vpc"
          ]
        }
      ]
    },
    {
      "mode": "managed",
      "type": "aws_subnet",
      "name": "subnet_b",
      "provider": "provider[\"registry.terraform.io/hashicorp/aws\"]",
      "instances": [
        {
          "schema_version": 1,
          "attributes": {
            "arn": "arn:aws:ec2:eu-central-1:504364225420:subnet/subnet-08215f4553ee77a36",
            "assign_ipv6_address_on_creation": false,
            "availability_zone": "eu-central-1b",
            "availability_zone_id": "euc1-az3",
            "cidr_block": "137.23.2.0/24",
            "customer_owned_ipv4_pool": "",
            "id": "subnet-08215f4553ee77a36",
            "ipv6_cidr_block": "",
            "ipv6_cidr_block_association_id": "",
            "map_customer_owned_ip_on_launch": false,
            "map_public_ip_on_launch": true,
            "outpost_arn": "",
            "owner_id": "504364225420",
            "tags": {
              "Name": "Prod_public_subnet_b"
            },
            "tags_all": {
              "Name": "Prod_public_subnet_b"
            },
            "timeouts": null,
            "vpc_id": "vpc-0edf66f38497e7b32"
          },
          "sensitive_attributes": [],
          "private": "eyJlMmJmYjczMC1lY2FhLTExZTYtOGY4OC0zNDM2M2JjN2M0YzAiOnsiY3JlYXRlIjo2MDAwMDAwMDAwMDAsImRlbGV0ZSI6MTIwMDAwMDAwMDAwMH0sInNjaGVtYV92ZXJzaW9uIjoiMSJ9",
          "dependencies": [
            "aws_internet_gateway.prod_ig",
            "aws_vpc.main_vpc"
          ]
        }
      ]
    },
    {
      "mode": "managed",
      "type": "aws_vpc",
      "name": "main_vpc",
      "provider": "provider[\"registry.terraform.io/hashicorp/aws\"]",
      "instances": [
        {
          "schema_version": 1,
          "attributes": {
            "arn": "arn:aws:ec2:eu-central-1:504364225420:vpc/vpc-0edf66f38497e7b32",
            "assign_generated_ipv6_cidr_block": false,
            "cidr_block": "137.23.0.0/16",
            "default_network_acl_id": "acl-0773319f637b845cb",
            "default_route_table_id": "rtb-01188dc602e03aa45",
            "default_security_group_id": "sg-0be927504af3e29e1",
            "dhcp_options_id": "dopt-86f49aec",
            "enable_classiclink": null,
            "enable_classiclink_dns_support": null,
            "enable_dns_hostnames": true,
            "enable_dns_support": true,
            "id": "vpc-0edf66f38497e7b32",
            "instance_tenancy": "default",
            "ipv6_association_id": "",
            "ipv6_cidr_block": "",
            "main_route_table_id": "rtb-01188dc602e03aa45",
            "owner_id": "504364225420",
            "tags": {
              "Name": "Prod_VPC"
            },
            "tags_all": {
              "Name": "Prod_VPC"
            }
          },
          "sensitive_attributes": [],
          "private": "eyJzY2hlbWFfdmVyc2lvbiI6IjEifQ=="
        }
      ]
    },
    {
      "mode": "managed",
      "type": "random_password",
      "name": "password",
      "provider": "provider[\"registry.terraform.io/hashicorp/random\"]",
      "instances": [
        {
          "schema_version": 0,
          "attributes": {
            "id": "none",
            "keepers": null,
            "length": 16,
            "lower": true,
            "min_lower": 0,
            "min_numeric": 0,
            "min_special": 0,
            "min_upper": 0,
            "number": true,
            "override_special": null,
            "result": "buD0iCXzuM9FoSCe",
            "special": false,
            "upper": true
          },
          "sensitive_attributes": [],
          "private": "bnVsbA=="
        }
      ]
    }
  ]
}
